{
  "requires": true,
  "lockfileVersion": 1,
  "dependencies": {
    "@babel/helper-plugin-utils": {
      "version": "7.10.4",
      "resolved": "https://registry.npm.taobao.org/@babel/helper-plugin-utils/download/@babel/helper-plugin-utils-7.10.4.tgz?cache=0&sync_timestamp=1593521082372&other_urls=https%3A%2F%2Fregistry.npm.taobao.org%2F%40babel%2Fhelper-plugin-utils%2Fdownload%2F%40babel%2Fhelper-plugin-utils-7.10.4.tgz",
      "integrity": "sha1-L3WoMSadT2d95JmG3/WZJ1M883U="
    },
    "@babel/helper-skip-transparent-expression-wrappers": {
      "version": "7.12.1",
      "resolved": "https://registry.npm.taobao.org/@babel/helper-skip-transparent-expression-wrappers/download/@babel/helper-skip-transparent-expression-wrappers-7.12.1.tgz",
      "integrity": "sha1-Ri3GOn5DWt6EaDhcY9K4TM5LPL8=",
      "requires": {
        "@babel/types": "^7.12.1"
      }
    },
    "@babel/helper-validator-identifier": {
      "version": "7.10.4",
      "resolved": "https://registry.npm.taobao.org/@babel/helper-validator-identifier/download/@babel/helper-validator-identifier-7.10.4.tgz?cache=0&sync_timestamp=1593521083613&other_urls=https%3A%2F%2Fregistry.npm.taobao.org%2F%40babel%2Fhelper-validator-identifier%2Fdownload%2F%40babel%2Fhelper-validator-identifier-7.10.4.tgz",
      "integrity": "sha1-p4x6clHgH2FlEtMbEK3PUq2l4NI="
    },
    "@babel/plugin-proposal-optional-chaining": {
      "version": "7.12.7",
      "requires": {
        "@babel/helper-plugin-utils": "^7.10.4",
        "@babel/helper-skip-transparent-expression-wrappers": "^7.12.1",
        "@babel/plugin-syntax-optional-chaining": "^7.8.0"
      }
    },
    "@babel/plugin-syntax-optional-chaining": {
      "version": "7.8.3",
      "resolved": "https://registry.npm.taobao.org/@babel/plugin-syntax-optional-chaining/download/@babel/plugin-syntax-optional-chaining-7.8.3.tgz",
      "integrity": "sha1-T2nCq5UWfgGAzVM2YT+MV4j31Io=",
      "requires": {
        "@babel/helper-plugin-utils": "^7.8.0"
      }
    },
    "@babel/types": {
      "version": "7.12.7",
      "resolved": "https://registry.npm.taobao.org/@babel/types/download/@babel/types-7.12.7.tgz?cache=0&sync_timestamp=1605904553917&other_urls=https%3A%2F%2Fregistry.npm.taobao.org%2F%40babel%2Ftypes%2Fdownload%2F%40babel%2Ftypes-7.12.7.tgz",
      "integrity": "sha1-YDn/HiQmQKKUUsmuVyFi7JqPXRM=",
      "requires": {
        "@babel/helper-validator-identifier": "^7.10.4",
        "lodash": "^4.17.19",
        "to-fast-properties": "^2.0.0"
      },
      "dependencies": {
        "lodash": {
          "version": "4.17.20",
          "resolved": "https://registry.npm.taobao.org/lodash/download/lodash-4.17.20.tgz",
          "integrity": "sha1-tEqbYpe8tpjxxRo1RaKzs2jVnFI="
        }
      }
    },
    "ticker": {
      "version": "file:cloudfunctions-aliyun/common/http",
      "requires": {
        "axios": "^0.21.0"
      },
      "dependencies": {
        "axios": {
          "version": "0.21.0",
          "requires": {
            "follow-redirects": "^1.10.0"
          }
        },
        "follow-redirects": {
          "version": "1.13.0"
        }
      }
    },
    "to-fast-properties": {
      "version": "2.0.0",
      "resolved": "https://registry.npm.taobao.org/to-fast-properties/download/to-fast-properties-2.0.0.tgz?cache=0&sync_timestamp=1580550317222&other_urls=https%3A%2F%2Fregistry.npm.taobao.org%2Fto-fast-properties%2Fdownload%2Fto-fast-properties-2.0.0.tgz",
      "integrity": "sha1-3F5pjL0HkmW8c+A3doGk5Og/YW4="
    },
    "uview-ui": {
      "version": "1.8.2"
    }
  }
}
